
Microsoft Visual Studio Solution File, Format Version 12.00
# Visual Studio Version 16
VisualStudioVersion = 16.0.28803.202
MinimumVisualStudioVersion = 10.0.40219.1
Project("{FAE04EC0-301F-11D3-BF4B-00C04F79EFBC}") = "DOS-Attack-Post", "DOS-Attack-Post\DOS-Attack-Post.csproj", "{7787A1FD-AF3D-4DCA-8ED8-8135B8E7B15A}"
EndProject
Global
	GlobalSection(SolutionConfigurationPlatforms) = preSolution
		Debug|Any CPU = Debug|Any CPU
		Release|Any CPU = Release|Any CPU
	EndGlobalSection
	GlobalSection(ProjectConfigurationPlatforms) = postSolution
		{7787A1FD-AF3D-4DCA-8ED8-8135B8E7B15A}.Debug|Any CPU.ActiveCfg = Debug|Any CPU
		{7787A1FD-AF3D-4DCA-8ED8-8135B8E7B15A}.Debug|Any CPU.Build.0 = Debug|Any CPU
		{7787A1FD-AF3D-4DCA-8ED8-8135B8E7B15A}.Release|Any CPU.ActiveCfg = Release|Any CPU
		{7787A1FD-AF3D-4DCA-8ED8-8135B8E7B15A}.Release|Any CPU.Build.0 = Release|Any CPU
	EndGlobalSection
	GlobalSection(SolutionProperties) = preSolution
		HideSolutionNode = FALSE
	EndGlobalSection
	GlobalSection(ExtensibilityGlobals) = postSolution
		SolutionGuid = {23F4E7FC-F8E3-4DB8-98CD-3DD7E458257F}
	EndGlobalSection
EndGlobal
